dependencies:
- name: mariadb
  repository: https://raw.githubusercontent.com/bitnami/charts/eb5f9a9513d987b519f0ecd732e7031241c50328/bitnami
  version: 10.5.1
- name: common
  repository: https://raw.githubusercontent.com/bitnami/charts/eb5f9a9513d987b519f0ecd732e7031241c50328/bitnami
  version: 1.14.2
digest: sha256:7479f206affdf0c63ed2cab375d15e073295d474859dc0841a1e7e81a6d8e4ff
generated: "2022-06-13T14:41:43.7736667-04:00"
