dependencies:
- name: mssql-linux
  repository: https://charts.helm.sh/stable
  version: 0.11.4
- name: keycloak
  repository: https://charts.bitnami.com/bitnami
  version: 2.1.1
digest: sha256:eeb793c665c5d26513eadfca96e5d0d470e9a01030484a1c4e3d769a0c086f07
generated: "2021-09-27T23:39:11.4186611Z"
