dependencies:
- name: statcan-core
  repository: file://subcharts/statcan-core
  version: 0.0.1
- name: statcan-app
  repository: file://subcharts/statcan-app
  version: 0.0.1
digest: sha256:20e9a0319df486744a2033c654915592d82505d648ebfcd03add32a482fbdbf0
generated: "2022-03-23T19:31:23.751718675Z"
