dependencies:
- name: postgresql
  repository: https://raw.githubusercontent.com/bitnami/charts/eb5f9a9513d987b519f0ecd732e7031241c50328/bitnami
  version: 7.0.1
- name: redis
  repository: https://raw.githubusercontent.com/bitnami/charts/eb5f9a9513d987b519f0ecd732e7031241c50328/bitnami
  version: 10.5.6
digest: sha256:6fdb719842db38c7d369e5e9bc74bc925b810729c68ad5959d1daece1bbb16c4
generated: "2022-06-13T13:28:36.3557354-04:00"
