dependencies:
- name: postgresql
  repository: https://charts.bitnami.com/bitnami
  version: 7.0.1
- name: redis
  repository: https://charts.bitnami.com/bitnami
  version: 10.5.6
digest: sha256:0123bde21e9010492386140857362b11d5cef0a8a69f1f55a7507137fc7c1445
generated: 2020-12-18T13:55:17.1401804-05:00
