dependencies:
- name: postgresql
  repository: https://raw.githubusercontent.com/bitnami/charts/eb5f9a9513d987b519f0ecd732e7031241c50328/bitnami
  version: 7.0.1
- name: redis
  repository: https://raw.githubusercontent.com/bitnami/charts/eb5f9a9513d987b519f0ecd732e7031241c50328/bitnami
  version: 10.5.6
digest: sha256:0123bde21e9010492386140857362b11d5cef0a8a69f1f55a7507137fc7c1445
generated: 2020-12-18T13:55:17.1401804-05:00
