dependencies:
- name: redis
  repository: https://charts.bitnami.com/bitnami
  version: 12.10.1
- name: postgresql
  repository: https://charts.bitnami.com/bitnami
  version: 10.2.0
- name: solr
  repository: https://statcan.github.io/charts
  version: 1.5.7
- name: datapusher
  repository: https://statcan.github.io/charts
  version: 1.0.0
digest: sha256:41acc7a8de32154f742104091518fee49e0c025e22998d4b191fcd408cb96ca3
generated: "2021-12-10T11:44:01.737361-05:00"
